title: "CastLock Vis"
summary: "An visual-analytics ecosystem designed to decode career type-casting paradigms and role-transformation windows within New Hollywood cinema."
href: "https://aphrixzjr.github.io/CastLockVis/"
image: "/images/projects/castlock.jpg"
tags: ["data visualization", "computational film studies"]
accent: "anchor"
featured: true
year: 2026
order: 3
